// !$*UTF8*$!
{
	archiveVersion = 1;
	classes = {
	};
	objectVersion = 77;
	objects = {

/* Begin PBXBuildFile section */
		200000000000000000000001 /* NeonRacerApp.swift in Sources */ = {isa = PBXBuildFile; fileRef = 300000000000000000000001 /* NeonRacerApp.swift */; };
		200000000000000000000002 /* RootView.swift in Sources */ = {isa = PBXBuildFile; fileRef = 300000000000000000000002 /* RootView.swift */; };
		200000000000000000000003 /* MainMenuView.swift in Sources */ = {isa = PBXBuildFile; fileRef = 300000000000000000000003 /* MainMenuView.swift */; };
		200000000000000000000004 /* RaceView.swift in Sources */ = {isa = PBXBuildFile; fileRef = 300000000000000000000004 /* RaceView.swift */; };
		200000000000000000000005 /* PlayerCommand.swift in Sources */ = {isa = PBXBuildFile; fileRef = 300000000000000000000005 /* PlayerCommand.swift */; };
		200000000000000000000006 /* RaceConfiguration.swift in Sources */ = {isa = PBXBuildFile; fileRef = 300000000000000000000006 /* RaceConfiguration.swift */; };
		200000000000000000000007 /* RaceSimulation.swift in Sources */ = {isa = PBXBuildFile; fileRef = 300000000000000000000007 /* RaceSimulation.swift */; };
		200000000000000000000008 /* RaceScene.swift in Sources */ = {isa = PBXBuildFile; fileRef = 300000000000000000000008 /* RaceScene.swift */; };
		200000000000000000000009 /* StageDefinition.swift in Sources */ = {isa = PBXBuildFile; fileRef = 300000000000000000000009 /* StageDefinition.swift */; };
		20000000000000000000000A /* AudioService.swift in Sources */ = {isa = PBXBuildFile; fileRef = 30000000000000000000000A /* AudioService.swift */; };
		20000000000000000000000B /* HapticsService.swift in Sources */ = {isa = PBXBuildFile; fileRef = 30000000000000000000000B /* HapticsService.swift */; };
		20000000000000000000000C /* ProfileStore.swift in Sources */ = {isa = PBXBuildFile; fileRef = 30000000000000000000000C /* ProfileStore.swift */; };
		20000000000000000000000D /* NeonPalette.swift in Sources */ = {isa = PBXBuildFile; fileRef = 30000000000000000000000D /* NeonPalette.swift */; };
		20000000000000000000000E /* Assets.xcassets in Resources */ = {isa = PBXBuildFile; fileRef = 30000000000000000000000E /* Assets.xcassets */; };
		20000000000000000000000F /* RaceSimulationTests.swift in Sources */ = {isa = PBXBuildFile; fileRef = 30000000000000000000000F /* RaceSimulationTests.swift */; };
		200000000000000000000010 /* NeonRacerUITests.swift in Sources */ = {isa = PBXBuildFile; fileRef = 300000000000000000000010 /* NeonRacerUITests.swift */; };
		200000000000000000000011 /* PrivacyInfo.xcprivacy in Resources */ = {isa = PBXBuildFile; fileRef = 300000000000000000000014 /* PrivacyInfo.xcprivacy */; };
		200000000000000000000090 /* CyberpunkSpaceRace.mp3 in Resources */ = {isa = PBXBuildFile; fileRef = 300000000000000000000090 /* CyberpunkSpaceRace.mp3 */; };
		D23000000000000000000001 /* CosmeticQuality.swift in Sources */ = {isa = PBXBuildFile; fileRef = E23000000000000000000001 /* CosmeticQuality.swift */; };
		D23000000000000000000002 /* PerformanceInstrumentation.swift in Sources */ = {isa = PBXBuildFile; fileRef = E23000000000000000000002 /* PerformanceInstrumentation.swift */; };
		D23000000000000000000003 /* DebugPerformanceMetrics.swift in Sources */ = {isa = PBXBuildFile; fileRef = E23000000000000000000003 /* DebugPerformanceMetrics.swift */; };
		D23000000000000000000004 /* CosmeticQualityTests.swift in Sources */ = {isa = PBXBuildFile; fileRef = E23000000000000000000004 /* CosmeticQualityTests.swift */; };
		F23000000000000000000001 /* RenderQualityTier.swift in Sources */ = {isa = PBXBuildFile; fileRef = F23000000000000000000002 /* RenderQualityTier.swift */; };
		F23000000000000000000003 /* DebugPerformanceOverlay.swift in Sources */ = {isa = PBXBuildFile; fileRef = F23000000000000000000004 /* DebugPerformanceOverlay.swift */; };
		F23000000000000000000005 /* RenderQualityTierTests.swift in Sources */ = {isa = PBXBuildFile; fileRef = F23000000000000000000006 /* RenderQualityTierTests.swift */; };
		22C000000000000000000001 /* RunInterruptionCoordinator.swift in Sources */ = {isa = PBXBuildFile; fileRef = 22C000000000000000000002 /* RunInterruptionCoordinator.swift */; };
		200000000000000000000025 /* TutorialState.swift in Sources */ = {isa = PBXBuildFile; fileRef = 300000000000000000000025 /* TutorialState.swift */; };
		200000000000000000000026 /* TutorialPromptContent.swift in Sources */ = {isa = PBXBuildFile; fileRef = 300000000000000000000026 /* TutorialPromptContent.swift */; };
		200000000000000000000028 /* TutorialStateTests.swift in Sources */ = {isa = PBXBuildFile; fileRef = 300000000000000000000028 /* TutorialStateTests.swift */; };
		F20000000000000000000001 /* InputService.swift in Sources */ = {isa = PBXBuildFile; fileRef = F20000000000000000000002 /* InputService.swift */; };
		B28000000000000000000001 /* RaceBalanceConfiguration.swift in Sources */ = {isa = PBXBuildFile; fileRef = B28000000000000000000003 /* RaceBalanceConfiguration.swift */; };
		B28000000000000000000002 /* RaceBalanceTests.swift in Sources */ = {isa = PBXBuildFile; fileRef = B28000000000000000000004 /* RaceBalanceTests.swift */; };
		A21000000000000000000001 /* AccessibilitySettings.swift in Sources */ = {isa = PBXBuildFile; fileRef = A21000000000000000000011 /* AccessibilitySettings.swift */; };
		A21000000000000000000002 /* AccessibilitySettingsStore.swift in Sources */ = {isa = PBXBuildFile; fileRef = A21000000000000000000012 /* AccessibilitySettingsStore.swift */; };
		A21000000000000000000003 /* AccessiblePalette.swift in Sources */ = {isa = PBXBuildFile; fileRef = A21000000000000000000013 /* AccessiblePalette.swift */; };
		A21000000000000000000004 /* AccessibilitySettingsView.swift in Sources */ = {isa = PBXBuildFile; fileRef = A21000000000000000000014 /* AccessibilitySettingsView.swift */; };
		A21000000000000000000005 /* AccessibilitySettingsTests.swift in Sources */ = {isa = PBXBuildFile; fileRef = A21000000000000000000015 /* AccessibilitySettingsTests.swift */; };
		G33000000000000000000001 /* GarageLayoutContractTests.swift in Sources */ = {isa = PBXBuildFile; fileRef = G33000000000000000000002 /* GarageLayoutContractTests.swift */; };
		I20000000000000000000001 /* InputServiceCommandTests.swift in Sources */ = {isa = PBXBuildFile; fileRef = I20000000000000000000002 /* InputServiceCommandTests.swift */; };
		A24000000000000000000001 /* RaceReplay.swift in Sources */ = {isa = PBXBuildFile; fileRef = A24000000000000000000003 /* RaceReplay.swift */; };
		A24000000000000000000002 /* RaceDebugDiagnostics.swift in Sources */ = {isa = PBXBuildFile; fileRef = A24000000000000000000004 /* RaceDebugDiagnostics.swift */; };
		F19000000000000000000001 /* AudioMixState.swift in Sources */ = {isa = PBXBuildFile; fileRef = F19000000000000000000003 /* AudioMixState.swift */; };
		F19000000000000000000002 /* AudioMixStateTests.swift in Sources */ = {isa = PBXBuildFile; fileRef = F19000000000000000000004 /* AudioMixStateTests.swift */; };
		C18000000000000000000001 /* Progression.swift in Sources */ = {isa = PBXBuildFile; fileRef = C18000000000000000000011 /* Progression.swift */; };
		C18000000000000000000002 /* GarageView.swift in Sources */ = {isa = PBXBuildFile; fileRef = C18000000000000000000012 /* GarageView.swift */; };
		C18000000000000000000003 /* ProfileStoreTests.swift in Sources */ = {isa = PBXBuildFile; fileRef = C18000000000000000000013 /* ProfileStoreTests.swift */; };
		C09000000000000000000001 /* RunProgression.swift in Sources */ = {isa = PBXBuildFile; fileRef = C09000000000000000000002 /* RunProgression.swift */; };
		C15000000000000000000001 /* InitialRouteContent.swift in Sources */ = {isa = PBXBuildFile; fileRef = C15000000000000000000003 /* InitialRouteContent.swift */; };
		C15000000000000000000002 /* InitialRouteContentTests.swift in Sources */ = {isa = PBXBuildFile; fileRef = C15000000000000000000004 /* InitialRouteContentTests.swift */; };
		E12000000000000000000001 /* EnvironmentRenderer.swift in Sources */ = {isa = PBXBuildFile; fileRef = E12000000000000000000002 /* EnvironmentRenderer.swift */; };
		E14000000000000000000001 /* NeonEffectsStack.swift in Sources */ = {isa = PBXBuildFile; fileRef = E14000000000000000000002 /* NeonEffectsStack.swift */; };
		E14100000000000000000001 /* RaceScoring.swift in Sources */ = {isa = PBXBuildFile; fileRef = E14100000000000000000011 /* RaceScoring.swift */; };
		C0DE0000000000000000A001 /* TrackGeometry.swift in Sources */ = {isa = PBXBuildFile; fileRef = C0DE0000000000000000A002 /* TrackGeometry.swift */; };
		E14100000000000000000002 /* RaceHUDSnapshot.swift in Sources */ = {isa = PBXBuildFile; fileRef = E14100000000000000000012 /* RaceHUDSnapshot.swift */; };
		E14100000000000000000003 /* RaceHUDView.swift in Sources */ = {isa = PBXBuildFile; fileRef = E14100000000000000000013 /* RaceHUDView.swift */; };
		E14100000000000000000004 /* RaceScoringTests.swift in Sources */ = {isa = PBXBuildFile; fileRef = E14100000000000000000014 /* RaceScoringTests.swift */; };
		E14100000000000000000005 /* RaceHUDSnapshotTests.swift in Sources */ = {isa = PBXBuildFile; fileRef = E14100000000000000000015 /* RaceHUDSnapshotTests.swift */; };
		V13000000000000000000001 /* VehicleArt.swift in Sources */ = {isa = PBXBuildFile; fileRef = V13000000000000000000004 /* VehicleArt.swift */; };
		V13000000000000000000002 /* VehicleArtPreviewScene.swift in Sources */ = {isa = PBXBuildFile; fileRef = V13000000000000000000005 /* VehicleArtPreviewScene.swift */; };
		V13000000000000000000003 /* VehicleArtTests.swift in Sources */ = {isa = PBXBuildFile; fileRef = V13000000000000000000006 /* VehicleArtTests.swift */; };
		D11000000000000000000001 /* ContentValidation.swift in Sources */ = {isa = PBXBuildFile; fileRef = D11000000000000000000005 /* ContentValidation.swift */; };
		D11000000000000000000002 /* StageContentLoader.swift in Sources */ = {isa = PBXBuildFile; fileRef = D11000000000000000000006 /* StageContentLoader.swift */; };
		D11000000000000000000003 /* StageContentTests.swift in Sources */ = {isa = PBXBuildFile; fileRef = D11000000000000000000007 /* StageContentTests.swift */; };
		D11000000000000000000004 /* neon-harbor.json in Resources */ = {isa = PBXBuildFile; fileRef = D11000000000000000000008 /* neon-harbor.json */; };
		D1100000000000000000000B /* solar-to-summit.json in Resources */ = {isa = PBXBuildFile; fileRef = D1100000000000000000000A /* solar-to-summit.json */; };
		C0DE0000000000000000B001 /* RaceScene3D.swift in Sources */ = {isa = PBXBuildFile; fileRef = C0DE0000000000000000B002 /* RaceScene3D.swift */; };
		C0DE0000000000000000B003 /* TrackWorldMapper3D.swift in Sources */ = {isa = PBXBuildFile; fileRef = C0DE0000000000000000B004 /* TrackWorldMapper3D.swift */; };
		C0DE0000000000000000B005 /* RoadMeshBuilder3D.swift in Sources */ = {isa = PBXBuildFile; fileRef = C0DE0000000000000000B006 /* RoadMeshBuilder3D.swift */; };
		C0DE0000000000000000B021 /* NeonTerrain3D.swift in Sources */ = {isa = PBXBuildFile; fileRef = C0DE0000000000000000B020 /* NeonTerrain3D.swift */; };
		C0DE0000000000000000B007 /* ChaseCamera3D.swift in Sources */ = {isa = PBXBuildFile; fileRef = C0DE0000000000000000B008 /* ChaseCamera3D.swift */; };
		C0DE0000000000000000B009 /* TrackMarkers3D.swift in Sources */ = {isa = PBXBuildFile; fileRef = C0DE0000000000000000B00A /* TrackMarkers3D.swift */; };
		C0DE0000000000000000B00B /* NeonEnvironment3D.swift in Sources */ = {isa = PBXBuildFile; fileRef = C0DE0000000000000000B00C /* NeonEnvironment3D.swift */; };
		C0DE0000000000000000B00D /* VehicleModels3D.swift in Sources */ = {isa = PBXBuildFile; fileRef = C0DE0000000000000000B00E /* VehicleModels3D.swift */; };
		C0DE0000000000000000B00F /* NeonEffects3D.swift in Sources */ = {isa = PBXBuildFile; fileRef = C0DE0000000000000000B010 /* NeonEffects3D.swift */; };
		C0DE0000000000000000B01A /* NeonPostProcess.metal in Sources */ = {isa = PBXBuildFile; fileRef = C0DE0000000000000000E004 /* NeonPostProcess.metal */; };
		C0DE0000000000000000D001 /* VehicleModels3DTests.swift in Sources */ = {isa = PBXBuildFile; fileRef = C0DE0000000000000000D002 /* VehicleModels3DTests.swift */; };
		C0DE0000000000000000B014 /* DrivingModel.swift in Sources */ = {isa = PBXBuildFile; fileRef = C0DE0000000000000000B015 /* DrivingModel.swift */; };
		C0DE00000000000000001001 /* TouchDrivingControls.swift in Sources */ = {isa = PBXBuildFile; fileRef = C0DE00000000000000001002 /* TouchDrivingControls.swift */; };
		C0DE00000000000000001003 /* DrivingModelTests.swift in Sources */ = {isa = PBXBuildFile; fileRef = C0DE00000000000000001004 /* DrivingModelTests.swift */; };
		C0DE0000000000000000B016 /* TrafficSystem.swift in Sources */ = {isa = PBXBuildFile; fileRef = C0DE0000000000000000B017 /* TrafficSystem.swift */; };
		C0DE0000000000000000B018 /* CollisionSystem.swift in Sources */ = {isa = PBXBuildFile; fileRef = C0DE0000000000000000B019 /* CollisionSystem.swift */; };
		C0DE0000000000000000E005 /* NeonEffects3DTests.swift in Sources */ = {isa = PBXBuildFile; fileRef = C0DE0000000000000000E006 /* NeonEffects3DTests.swift */; };
		C0DE0000000000000000F001 /* TrafficSystemTests.swift in Sources */ = {isa = PBXBuildFile; fileRef = C0DE0000000000000000F002 /* TrafficSystemTests.swift */; };
		C0DE0000000000000000F003 /* CollisionSystemTests.swift in Sources */ = {isa = PBXBuildFile; fileRef = C0DE0000000000000000F004 /* CollisionSystemTests.swift */; };
		C0DE00000000000000002001 /* HUDCalloutMapper.swift in Sources */ = {isa = PBXBuildFile; fileRef = C0DE00000000000000002002 /* HUDCalloutMapper.swift */; };
		C0DE00000000000000002003 /* HUDArcadeComponents.swift in Sources */ = {isa = PBXBuildFile; fileRef = C0DE00000000000000002004 /* HUDArcadeComponents.swift */; };
		C0DE00000000000000002005 /* HUDRouteProgressView.swift in Sources */ = {isa = PBXBuildFile; fileRef = C0DE00000000000000002006 /* HUDRouteProgressView.swift */; };
		C0DE00000000000000002007 /* HUDCalloutView.swift in Sources */ = {isa = PBXBuildFile; fileRef = C0DE00000000000000002008 /* HUDCalloutView.swift */; };
		C0DE00000000000000002009 /* HUDTacticalPanels.swift in Sources */ = {isa = PBXBuildFile; fileRef = C0DE0000000000000000200A /* HUDTacticalPanels.swift */; };
/* End PBXBuildFile section */

/* Begin PBXContainerItemProxy section */
		400000000000000000000001 /* PBXContainerItemProxy */ = {
			isa = PBXContainerItemProxy;
			containerPortal = 500000000000000000000001 /* Project object */;
			proxyType = 1;
			remoteGlobalIDString = 100000000000000000000001;
			remoteInfo = NeonRacer;
		};
		400000000000000000000002 /* PBXContainerItemProxy */ = {
			isa = PBXContainerItemProxy;
			containerPortal = 500000000000000000000001 /* Project object */;
			proxyType = 1;
			remoteGlobalIDString = 100000000000000000000001;
			remoteInfo = NeonRacer;
		};
/* End PBXContainerItemProxy section */

/* Begin PBXFileReference section */
		300000000000000000000001 /* NeonRacerApp.swift */ = {isa = PBXFileReference; lastKnownFileType = sourcecode.swift; path = NeonRacerApp.swift; sourceTree = "<group>"; };
		300000000000000000000002 /* RootView.swift */ = {isa = PBXFileReference; lastKnownFileType = sourcecode.swift; path = RootView.swift; sourceTree = "<group>"; };
		300000000000000000000003 /* MainMenuView.swift */ = {isa = PBXFileReference; lastKnownFileType = sourcecode.swift; path = MainMenuView.swift; sourceTree = "<group>"; };
		300000000000000000000004 /* RaceView.swift */ = {isa = PBXFileReference; lastKnownFileType = sourcecode.swift; path = RaceView.swift; sourceTree = "<group>"; };
		300000000000000000000005 /* PlayerCommand.swift */ = {isa = PBXFileReference; lastKnownFileType = sourcecode.swift; path = PlayerCommand.swift; sourceTree = "<group>"; };
		300000000000000000000006 /* RaceConfiguration.swift */ = {isa = PBXFileReference; lastKnownFileType = sourcecode.swift; path = RaceConfiguration.swift; sourceTree = "<group>"; };
		300000000000000000000007 /* RaceSimulation.swift */ = {isa = PBXFileReference; lastKnownFileType = sourcecode.swift; path = RaceSimulation.swift; sourceTree = "<group>"; };
		300000000000000000000008 /* RaceScene.swift */ = {isa = PBXFileReference; lastKnownFileType = sourcecode.swift; path = RaceScene.swift; sourceTree = "<group>"; };
		300000000000000000000009 /* StageDefinition.swift */ = {isa = PBXFileReference; lastKnownFileType = sourcecode.swift; path = StageDefinition.swift; sourceTree = "<group>"; };
		30000000000000000000000A /* AudioService.swift */ = {isa = PBXFileReference; lastKnownFileType = sourcecode.swift; path = AudioService.swift; sourceTree = "<group>"; };
		30000000000000000000000B /* HapticsService.swift */ = {isa = PBXFileReference; lastKnownFileType = sourcecode.swift; path = HapticsService.swift; sourceTree = "<group>"; };
		30000000000000000000000C /* ProfileStore.swift */ = {isa = PBXFileReference; lastKnownFileType = sourcecode.swift; path = ProfileStore.swift; sourceTree = "<group>"; };
		30000000000000000000000D /* NeonPalette.swift */ = {isa = PBXFileReference; lastKnownFileType = sourcecode.swift; path = NeonPalette.swift; sourceTree = "<group>"; };
		30000000000000000000000E /* Assets.xcassets */ = {isa = PBXFileReference; lastKnownFileType = folder.assetcatalog; path = Assets.xcassets; sourceTree = "<group>"; };
		30000000000000000000000F /* RaceSimulationTests.swift */ = {isa = PBXFileReference; lastKnownFileType = sourcecode.swift; path = RaceSimulationTests.swift; sourceTree = "<group>"; };
		300000000000000000000010 /* NeonRacerUITests.swift */ = {isa = PBXFileReference; lastKnownFileType = sourcecode.swift; path = NeonRacerUITests.swift; sourceTree = "<group>"; };
		300000000000000000000011 /* NeonRacer.app */ = {isa = PBXFileReference; explicitFileType = wrapper.application; includeInIndex = 0; path = NeonRacer.app; sourceTree = BUILT_PRODUCTS_DIR; };
		300000000000000000000012 /* NeonRacerTests.xctest */ = {isa = PBXFileReference; explicitFileType = wrapper.cfbundle; includeInIndex = 0; path = NeonRacerTests.xctest; sourceTree = BUILT_PRODUCTS_DIR; };
		300000000000000000000013 /* NeonRacerUITests.xctest */ = {isa = PBXFileReference; explicitFileType = wrapper.cfbundle; includeInIndex = 0; path = NeonRacerUITests.xctest; sourceTree = BUILT_PRODUCTS_DIR; };
		300000000000000000000014 /* PrivacyInfo.xcprivacy */ = {isa = PBXFileReference; lastKnownFileType = text.xml; path = PrivacyInfo.xcprivacy; sourceTree = "<group>"; };
		300000000000000000000090 /* CyberpunkSpaceRace.mp3 */ = {isa = PBXFileReference; lastKnownFileType = audio.mp3; path = CyberpunkSpaceRace.mp3; sourceTree = "<group>"; };
		E23000000000000000000001 /* CosmeticQuality.swift */ = {isa = PBXFileReference; lastKnownFileType = sourcecode.swift; path = CosmeticQuality.swift; sourceTree = "<group>"; };
		E23000000000000000000002 /* PerformanceInstrumentation.swift */ = {isa = PBXFileReference; lastKnownFileType = sourcecode.swift; path = PerformanceInstrumentation.swift; sourceTree = "<group>"; };
		E23000000000000000000003 /* DebugPerformanceMetrics.swift */ = {isa = PBXFileReference; lastKnownFileType = sourcecode.swift; path = DebugPerformanceMetrics.swift; sourceTree = "<group>"; };
		E23000000000000000000004 /* CosmeticQualityTests.swift */ = {isa = PBXFileReference; lastKnownFileType = sourcecode.swift; path = CosmeticQualityTests.swift; sourceTree = "<group>"; };
		F23000000000000000000002 /* RenderQualityTier.swift */ = {isa = PBXFileReference; lastKnownFileType = sourcecode.swift; path = RenderQualityTier.swift; sourceTree = "<group>"; };
		F23000000000000000000004 /* DebugPerformanceOverlay.swift */ = {isa = PBXFileReference; lastKnownFileType = sourcecode.swift; path = DebugPerformanceOverlay.swift; sourceTree = "<group>"; };
		F23000000000000000000006 /* RenderQualityTierTests.swift */ = {isa = PBXFileReference; lastKnownFileType = sourcecode.swift; path = RenderQualityTierTests.swift; sourceTree = "<group>"; };
		22C000000000000000000002 /* RunInterruptionCoordinator.swift */ = {isa = PBXFileReference; lastKnownFileType = sourcecode.swift; path = RunInterruptionCoordinator.swift; sourceTree = "<group>"; };
		300000000000000000000025 /* TutorialState.swift */ = {isa = PBXFileReference; lastKnownFileType = sourcecode.swift; path = TutorialState.swift; sourceTree = "<group>"; };
		300000000000000000000026 /* TutorialPromptContent.swift */ = {isa = PBXFileReference; lastKnownFileType = sourcecode.swift; path = TutorialPromptContent.swift; sourceTree = "<group>"; };
		300000000000000000000028 /* TutorialStateTests.swift */ = {isa = PBXFileReference; lastKnownFileType = sourcecode.swift; path = TutorialStateTests.swift; sourceTree = "<group>"; };
		F20000000000000000000002 /* InputService.swift */ = {isa = PBXFileReference; lastKnownFileType = sourcecode.swift; path = InputService.swift; sourceTree = "<group>"; };
		B28000000000000000000003 /* RaceBalanceConfiguration.swift */ = {isa = PBXFileReference; lastKnownFileType = sourcecode.swift; path = RaceBalanceConfiguration.swift; sourceTree = "<group>"; };
		B28000000000000000000004 /* RaceBalanceTests.swift */ = {isa = PBXFileReference; lastKnownFileType = sourcecode.swift; path = RaceBalanceTests.swift; sourceTree = "<group>"; };
		A21000000000000000000011 /* AccessibilitySettings.swift */ = {isa = PBXFileReference; lastKnownFileType = sourcecode.swift; path = AccessibilitySettings.swift; sourceTree = "<group>"; };
		A21000000000000000000012 /* AccessibilitySettingsStore.swift */ = {isa = PBXFileReference; lastKnownFileType = sourcecode.swift; path = AccessibilitySettingsStore.swift; sourceTree = "<group>"; };
		A21000000000000000000013 /* AccessiblePalette.swift */ = {isa = PBXFileReference; lastKnownFileType = sourcecode.swift; path = AccessiblePalette.swift; sourceTree = "<group>"; };
		A21000000000000000000014 /* AccessibilitySettingsView.swift */ = {isa = PBXFileReference; lastKnownFileType = sourcecode.swift; path = AccessibilitySettingsView.swift; sourceTree = "<group>"; };
		A21000000000000000000015 /* AccessibilitySettingsTests.swift */ = {isa = PBXFileReference; lastKnownFileType = sourcecode.swift; path = AccessibilitySettingsTests.swift; sourceTree = "<group>"; };
		G33000000000000000000002 /* GarageLayoutContractTests.swift */ = {isa = PBXFileReference; lastKnownFileType = sourcecode.swift; path = GarageLayoutContractTests.swift; sourceTree = "<group>"; };
		I20000000000000000000002 /* InputServiceCommandTests.swift */ = {isa = PBXFileReference; lastKnownFileType = sourcecode.swift; path = InputServiceCommandTests.swift; sourceTree = "<group>"; };
		A24000000000000000000003 /* RaceReplay.swift */ = {isa = PBXFileReference; lastKnownFileType = sourcecode.swift; path = RaceReplay.swift; sourceTree = "<group>"; };
		A24000000000000000000004 /* RaceDebugDiagnostics.swift */ = {isa = PBXFileReference; lastKnownFileType = sourcecode.swift; path = RaceDebugDiagnostics.swift; sourceTree = "<group>"; };
		F19000000000000000000003 /* AudioMixState.swift */ = {isa = PBXFileReference; lastKnownFileType = sourcecode.swift; path = AudioMixState.swift; sourceTree = "<group>"; };
		F19000000000000000000004 /* AudioMixStateTests.swift */ = {isa = PBXFileReference; lastKnownFileType = sourcecode.swift; path = AudioMixStateTests.swift; sourceTree = "<group>"; };
		C18000000000000000000011 /* Progression.swift */ = {isa = PBXFileReference; lastKnownFileType = sourcecode.swift; path = Progression.swift; sourceTree = "<group>"; };
		C18000000000000000000012 /* GarageView.swift */ = {isa = PBXFileReference; lastKnownFileType = sourcecode.swift; path = GarageView.swift; sourceTree = "<group>"; };
		C18000000000000000000013 /* ProfileStoreTests.swift */ = {isa = PBXFileReference; lastKnownFileType = sourcecode.swift; path = ProfileStoreTests.swift; sourceTree = "<group>"; };
		C09000000000000000000002 /* RunProgression.swift */ = {isa = PBXFileReference; lastKnownFileType = sourcecode.swift; path = RunProgression.swift; sourceTree = "<group>"; };
		C15000000000000000000003 /* InitialRouteContent.swift */ = {isa = PBXFileReference; lastKnownFileType = sourcecode.swift; path = InitialRouteContent.swift; sourceTree = "<group>"; };
		C15000000000000000000004 /* InitialRouteContentTests.swift */ = {isa = PBXFileReference; lastKnownFileType = sourcecode.swift; path = InitialRouteContentTests.swift; sourceTree = "<group>"; };
		D11000000000000000000005 /* ContentValidation.swift */ = {isa = PBXFileReference; lastKnownFileType = sourcecode.swift; path = ContentValidation.swift; sourceTree = "<group>"; };
		D11000000000000000000006 /* StageContentLoader.swift */ = {isa = PBXFileReference; lastKnownFileType = sourcecode.swift; path = StageContentLoader.swift; sourceTree = "<group>"; };
		D11000000000000000000007 /* StageContentTests.swift */ = {isa = PBXFileReference; lastKnownFileType = sourcecode.swift; path = StageContentTests.swift; sourceTree = "<group>"; };
		D11000000000000000000008 /* neon-harbor.json */ = {isa = PBXFileReference; lastKnownFileType = text.json; path = "neon-harbor.json"; sourceTree = "<group>"; };
		D1100000000000000000000A /* solar-to-summit.json */ = {isa = PBXFileReference; lastKnownFileType = text.json; path = "solar-to-summit.json"; sourceTree = "<group>"; };
		E12000000000000000000002 /* EnvironmentRenderer.swift */ = {isa = PBXFileReference; lastKnownFileType = sourcecode.swift; path = EnvironmentRenderer.swift; sourceTree = "<group>"; };
		E14000000000000000000002 /* NeonEffectsStack.swift */ = {isa = PBXFileReference; lastKnownFileType = sourcecode.swift; path = NeonEffectsStack.swift; sourceTree = "<group>"; };
		C0DE0000000000000000A002 /* TrackGeometry.swift */ = {isa = PBXFileReference; lastKnownFileType = sourcecode.swift; path = TrackGeometry.swift; sourceTree = "<group>"; };
		E14100000000000000000011 /* RaceScoring.swift */ = {isa = PBXFileReference; lastKnownFileType = sourcecode.swift; path = RaceScoring.swift; sourceTree = "<group>"; };
		E14100000000000000000012 /* RaceHUDSnapshot.swift */ = {isa = PBXFileReference; lastKnownFileType = sourcecode.swift; path = RaceHUDSnapshot.swift; sourceTree = "<group>"; };
		E14100000000000000000013 /* RaceHUDView.swift */ = {isa = PBXFileReference; lastKnownFileType = sourcecode.swift; path = RaceHUDView.swift; sourceTree = "<group>"; };
		E14100000000000000000014 /* RaceScoringTests.swift */ = {isa = PBXFileReference; lastKnownFileType = sourcecode.swift; path = RaceScoringTests.swift; sourceTree = "<group>"; };
		E14100000000000000000015 /* RaceHUDSnapshotTests.swift */ = {isa = PBXFileReference; lastKnownFileType = sourcecode.swift; path = RaceHUDSnapshotTests.swift; sourceTree = "<group>"; };
		V13000000000000000000004 /* VehicleArt.swift */ = {isa = PBXFileReference; lastKnownFileType = sourcecode.swift; path = VehicleArt.swift; sourceTree = "<group>"; };
		V13000000000000000000005 /* VehicleArtPreviewScene.swift */ = {isa = PBXFileReference; lastKnownFileType = sourcecode.swift; path = VehicleArtPreviewScene.swift; sourceTree = "<group>"; };
		V13000000000000000000006 /* VehicleArtTests.swift */ = {isa = PBXFileReference; lastKnownFileType = sourcecode.swift; path = VehicleArtTests.swift; sourceTree = "<group>"; };
		C0DE0000000000000000D002 /* VehicleModels3DTests.swift */ = {isa = PBXFileReference; lastKnownFileType = sourcecode.swift; path = VehicleModels3DTests.swift; sourceTree = "<group>"; };
		C0DE0000000000000000B002 /* RaceScene3D.swift */ = {isa = PBXFileReference; lastKnownFileType = sourcecode.swift; path = RaceScene3D.swift; sourceTree = "<group>"; };
		C0DE0000000000000000B004 /* TrackWorldMapper3D.swift */ = {isa = PBXFileReference; lastKnownFileType = sourcecode.swift; path = TrackWorldMapper3D.swift; sourceTree = "<group>"; };
		C0DE0000000000000000B006 /* RoadMeshBuilder3D.swift */ = {isa = PBXFileReference; lastKnownFileType = sourcecode.swift; path = RoadMeshBuilder3D.swift; sourceTree = "<group>"; };
		C0DE0000000000000000B020 /* NeonTerrain3D.swift */ = {isa = PBXFileReference; lastKnownFileType = sourcecode.swift; path = NeonTerrain3D.swift; sourceTree = "<group>"; };
		C0DE0000000000000000B008 /* ChaseCamera3D.swift */ = {isa = PBXFileReference; lastKnownFileType = sourcecode.swift; path = ChaseCamera3D.swift; sourceTree = "<group>"; };
		C0DE0000000000000000B00A /* TrackMarkers3D.swift */ = {isa = PBXFileReference; lastKnownFileType = sourcecode.swift; path = TrackMarkers3D.swift; sourceTree = "<group>"; };
		C0DE0000000000000000B00C /* NeonEnvironment3D.swift */ = {isa = PBXFileReference; lastKnownFileType = sourcecode.swift; path = NeonEnvironment3D.swift; sourceTree = "<group>"; };
		C0DE0000000000000000B00E /* VehicleModels3D.swift */ = {isa = PBXFileReference; lastKnownFileType = sourcecode.swift; path = VehicleModels3D.swift; sourceTree = "<group>"; };
		C0DE0000000000000000B010 /* NeonEffects3D.swift */ = {isa = PBXFileReference; lastKnownFileType = sourcecode.swift; path = NeonEffects3D.swift; sourceTree = "<group>"; };
		C0DE0000000000000000B015 /* DrivingModel.swift */ = {isa = PBXFileReference; lastKnownFileType = sourcecode.swift; path = DrivingModel.swift; sourceTree = "<group>"; };
		C0DE00000000000000001002 /* TouchDrivingControls.swift */ = {isa = PBXFileReference; lastKnownFileType = sourcecode.swift; path = TouchDrivingControls.swift; sourceTree = "<group>"; };
		C0DE00000000000000001004 /* DrivingModelTests.swift */ = {isa = PBXFileReference; lastKnownFileType = sourcecode.swift; path = DrivingModelTests.swift; sourceTree = "<group>"; };
		C0DE0000000000000000B017 /* TrafficSystem.swift */ = {isa = PBXFileReference; lastKnownFileType = sourcecode.swift; path = TrafficSystem.swift; sourceTree = "<group>"; };
		C0DE0000000000000000B019 /* CollisionSystem.swift */ = {isa = PBXFileReference; lastKnownFileType = sourcecode.swift; path = CollisionSystem.swift; sourceTree = "<group>"; };
		C0DE0000000000000000E004 /* NeonPostProcess.metal */ = {isa = PBXFileReference; lastKnownFileType = sourcecode.metal; path = NeonPostProcess.metal; sourceTree = "<group>"; };
		C0DE0000000000000000E006 /* NeonEffects3DTests.swift */ = {isa = PBXFileReference; lastKnownFileType = sourcecode.swift; path = NeonEffects3DTests.swift; sourceTree = "<group>"; };
		C0DE0000000000000000F002 /* TrafficSystemTests.swift */ = {isa = PBXFileReference; lastKnownFileType = sourcecode.swift; path = TrafficSystemTests.swift; sourceTree = "<group>"; };
		C0DE0000000000000000F004 /* CollisionSystemTests.swift */ = {isa = PBXFileReference; lastKnownFileType = sourcecode.swift; path = CollisionSystemTests.swift; sourceTree = "<group>"; };
		C0DE00000000000000002002 /* HUDCalloutMapper.swift */ = {isa = PBXFileReference; lastKnownFileType = sourcecode.swift; path = HUDCalloutMapper.swift; sourceTree = "<group>"; };
		C0DE00000000000000002004 /* HUDArcadeComponents.swift */ = {isa = PBXFileReference; lastKnownFileType = sourcecode.swift; path = HUDArcadeComponents.swift; sourceTree = "<group>"; };
		C0DE00000000000000002006 /* HUDRouteProgressView.swift */ = {isa = PBXFileReference; lastKnownFileType = sourcecode.swift; path = HUDRouteProgressView.swift; sourceTree = "<group>"; };
		C0DE00000000000000002008 /* HUDCalloutView.swift */ = {isa = PBXFileReference; lastKnownFileType = sourcecode.swift; path = HUDCalloutView.swift; sourceTree = "<group>"; };
		C0DE0000000000000000200A /* HUDTacticalPanels.swift */ = {isa = PBXFileReference; lastKnownFileType = sourcecode.swift; path = HUDTacticalPanels.swift; sourceTree = "<group>"; };
/* End PBXFileReference section */

/* Begin PBXFrameworksBuildPhase section */
		600000000000000000000001 /* Frameworks */ = {
			isa = PBXFrameworksBuildPhase;
			buildActionMask = 2147483647;
			files = (
			);
			runOnlyForDeploymentPostprocessing = 0;
		};
		600000000000000000000002 /* Frameworks */ = {
			isa = PBXFrameworksBuildPhase;
			buildActionMask = 2147483647;
			files = (
			);
			runOnlyForDeploymentPostprocessing = 0;
		};
		600000000000000000000003 /* Frameworks */ = {
			isa = PBXFrameworksBuildPhase;
			buildActionMask = 2147483647;
			files = (
			);
			runOnlyForDeploymentPostprocessing = 0;
		};
/* End PBXFrameworksBuildPhase section */

/* Begin PBXGroup section */
		700000000000000000000001 = {
			isa = PBXGroup;
			children = (
				700000000000000000000002 /* NeonRacer */,
				70000000000000000000000F /* NeonRacerTests */,
				700000000000000000000010 /* NeonRacerUITests */,
				700000000000000000000011 /* Products */,
			);
			sourceTree = "<group>";
		};
		700000000000000000000002 /* NeonRacer */ = {
			isa = PBXGroup;
			children = (
				700000000000000000000003 /* App */,
				700000000000000000000004 /* Features */,
				700000000000000000000007 /* Game */,
				70000000000000000000000A /* Content */,
				70000000000000000000000B /* Services */,
				70000000000000000000000D /* Shared */,
				70000000000000000000000E /* Resources */,
			);
			path = NeonRacer;
			sourceTree = "<group>";
		};
		700000000000000000000003 /* App */ = {
			isa = PBXGroup;
			children = (
				300000000000000000000001 /* NeonRacerApp.swift */,
				300000000000000000000002 /* RootView.swift */,
			);
			path = App;
			sourceTree = "<group>";
		};
		700000000000000000000004 /* Features */ = {
			isa = PBXGroup;
			children = (
				700000000000000000000005 /* MainMenu */,
				700000000000000000000006 /* Race */,
				A21000000000000000000024 /* Settings */,
				C18000000000000000000021 /* Garage */,
			);
			path = Features;
			sourceTree = "<group>";
		};
		700000000000000000000005 /* MainMenu */ = {
			isa = PBXGroup;
			children = (
				300000000000000000000003 /* MainMenuView.swift */,
			);
			path = MainMenu;
			sourceTree = "<group>";
		};
		700000000000000000000006 /* Race */ = {
			isa = PBXGroup;
			children = (
				300000000000000000000004 /* RaceView.swift */,
				F23000000000000000000004 /* DebugPerformanceOverlay.swift */,
				E14100000000000000000013 /* RaceHUDView.swift */,
				C0DE00000000000000002004 /* HUDArcadeComponents.swift */,
				C0DE00000000000000002008 /* HUDCalloutView.swift */,
				C0DE00000000000000002006 /* HUDRouteProgressView.swift */,
				C0DE0000000000000000200A /* HUDTacticalPanels.swift */,
				C0DE00000000000000001002 /* TouchDrivingControls.swift */,
			);
			path = Race;
			sourceTree = "<group>";
		};
		A21000000000000000000024 /* Settings */ = {
			isa = PBXGroup;
			children = (
				A21000000000000000000014 /* AccessibilitySettingsView.swift */,
			);
			path = Settings;
			sourceTree = "<group>";
		};
		C18000000000000000000021 /* Garage */ = {
			isa = PBXGroup;
			children = (
				C18000000000000000000012 /* GarageView.swift */,
			);
			path = Garage;
			sourceTree = "<group>";
		};
		700000000000000000000007 /* Game */ = {
			isa = PBXGroup;
			children = (
				700000000000000000000008 /* Simulation */,
				700000000000000000000009 /* Rendering */,
				C0DE0000000000000000B011 /* Rendering3D */,
			);
			path = Game;
			sourceTree = "<group>";
		};
		700000000000000000000008 /* Simulation */ = {
			isa = PBXGroup;
			children = (
				300000000000000000000005 /* PlayerCommand.swift */,
				300000000000000000000006 /* RaceConfiguration.swift */,
				C0DE0000000000000000B015 /* DrivingModel.swift */,
				C0DE0000000000000000B019 /* CollisionSystem.swift */,
				C0DE0000000000000000B017 /* TrafficSystem.swift */,
				B28000000000000000000003 /* RaceBalanceConfiguration.swift */,
				300000000000000000000007 /* RaceSimulation.swift */,
				E14100000000000000000011 /* RaceScoring.swift */,
				C0DE0000000000000000A002 /* TrackGeometry.swift */,
				E14100000000000000000012 /* RaceHUDSnapshot.swift */,
				C0DE00000000000000002002 /* HUDCalloutMapper.swift */,
				F19000000000000000000003 /* AudioMixState.swift */,
				A24000000000000000000003 /* RaceReplay.swift */,
				A24000000000000000000004 /* RaceDebugDiagnostics.swift */,
				E23000000000000000000001 /* CosmeticQuality.swift */,
				F23000000000000000000002 /* RenderQualityTier.swift */,
				E23000000000000000000002 /* PerformanceInstrumentation.swift */,
				22C000000000000000000002 /* RunInterruptionCoordinator.swift */,
				C09000000000000000000002 /* RunProgression.swift */,
				C18000000000000000000011 /* Progression.swift */,
				300000000000000000000025 /* TutorialState.swift */,
				300000000000000000000026 /* TutorialPromptContent.swift */,
			);
			path = Simulation;
			sourceTree = "<group>";
		};
		700000000000000000000009 /* Rendering */ = {
			isa = PBXGroup;
			children = (
				300000000000000000000008 /* RaceScene.swift */,
				E23000000000000000000003 /* DebugPerformanceMetrics.swift */,
				E12000000000000000000002 /* EnvironmentRenderer.swift */,
				E14000000000000000000002 /* NeonEffectsStack.swift */,
				V13000000000000000000004 /* VehicleArt.swift */,
				V13000000000000000000005 /* VehicleArtPreviewScene.swift */,
			);
			path = Rendering;
			sourceTree = "<group>";
		};
		70000000000000000000000A /* Content */ = {
			isa = PBXGroup;
			children = (
				300000000000000000000009 /* StageDefinition.swift */,
				D11000000000000000000005 /* ContentValidation.swift */,
				D11000000000000000000006 /* StageContentLoader.swift */,
				C15000000000000000000003 /* InitialRouteContent.swift */,
				D11000000000000000000009 /* Fixtures */,
			);
			path = Content;
			sourceTree = "<group>";
		};
		D11000000000000000000009 /* Fixtures */ = {
			isa = PBXGroup;
			children = (
				D11000000000000000000008 /* neon-harbor.json */,
				D1100000000000000000000A /* solar-to-summit.json */,
			);
			path = Fixtures;
			sourceTree = "<group>";
		};
		70000000000000000000000B /* Services */ = {
			isa = PBXGroup;
			children = (
				70000000000000000000000C /* Audio */,
				700000000000000000000012 /* Haptics */,
				700000000000000000000013 /* Persistence */,
				F20000000000000000000003 /* Input */,
			);
			path = Services;
			sourceTree = "<group>";
		};
		70000000000000000000000C /* Audio */ = {
			isa = PBXGroup;
			children = (
				30000000000000000000000A /* AudioService.swift */,
			);
			path = Audio;
			sourceTree = "<group>";
		};
		700000000000000000000012 /* Haptics */ = {
			isa = PBXGroup;
			children = (
				30000000000000000000000B /* HapticsService.swift */,
			);
			path = Haptics;
			sourceTree = "<group>";
		};
		700000000000000000000013 /* Persistence */ = {
			isa = PBXGroup;
			children = (
				30000000000000000000000C /* ProfileStore.swift */,
			);
			path = Persistence;
			sourceTree = "<group>";
		};
		F20000000000000000000003 /* Input */ = {
			isa = PBXGroup;
			children = (
				F20000000000000000000002 /* InputService.swift */,
			);
			path = Input;
			sourceTree = "<group>";
		};
		70000000000000000000000D /* Shared */ = {
			isa = PBXGroup;
			children = (
				A21000000000000000000023 /* Accessibility */,
				700000000000000000000014 /* Design */,
			);
			path = Shared;
			sourceTree = "<group>";
		};
		A21000000000000000000023 /* Accessibility */ = {
			isa = PBXGroup;
			children = (
				A21000000000000000000011 /* AccessibilitySettings.swift */,
				A21000000000000000000012 /* AccessibilitySettingsStore.swift */,
			);
			path = Accessibility;
			sourceTree = "<group>";
		};
		700000000000000000000014 /* Design */ = {
			isa = PBXGroup;
			children = (
				30000000000000000000000D /* NeonPalette.swift */,
				A21000000000000000000013 /* AccessiblePalette.swift */,
			);
			path = Design;
			sourceTree = "<group>";
		};
		70000000000000000000000E /* Resources */ = {
			isa = PBXGroup;
			children = (
				30000000000000000000000E /* Assets.xcassets */,
				300000000000000000000014 /* PrivacyInfo.xcprivacy */,
				300000000000000000000090 /* CyberpunkSpaceRace.mp3 */,
			);
			path = Resources;
			sourceTree = "<group>";
		};
		70000000000000000000000F /* NeonRacerTests */ = {
			isa = PBXGroup;
			children = (
				30000000000000000000000F /* RaceSimulationTests.swift */,
				B28000000000000000000004 /* RaceBalanceTests.swift */,
				300000000000000000000028 /* TutorialStateTests.swift */,
				E23000000000000000000004 /* CosmeticQualityTests.swift */,
				A21000000000000000000015 /* AccessibilitySettingsTests.swift */,
				G33000000000000000000002 /* GarageLayoutContractTests.swift */,
				I20000000000000000000002 /* InputServiceCommandTests.swift */,
				F19000000000000000000004 /* AudioMixStateTests.swift */,
				V13000000000000000000006 /* VehicleArtTests.swift */,
				C0DE0000000000000000D002 /* VehicleModels3DTests.swift */,
				C18000000000000000000013 /* ProfileStoreTests.swift */,
				C15000000000000000000004 /* InitialRouteContentTests.swift */,
				D11000000000000000000007 /* StageContentTests.swift */,
				E14100000000000000000014 /* RaceScoringTests.swift */,
				E14100000000000000000015 /* RaceHUDSnapshotTests.swift */,
				C0DE00000000000000001004 /* DrivingModelTests.swift */,
				C0DE0000000000000000E006 /* NeonEffects3DTests.swift */,
				C0DE0000000000000000F002 /* TrafficSystemTests.swift */,
				C0DE0000000000000000F004 /* CollisionSystemTests.swift */,
				F23000000000000000000006 /* RenderQualityTierTests.swift */,
			);
			path = NeonRacerTests;
			sourceTree = "<group>";
		};
		700000000000000000000010 /* NeonRacerUITests */ = {
			isa = PBXGroup;
			children = (
				300000000000000000000010 /* NeonRacerUITests.swift */,
			);
			path = NeonRacerUITests;
			sourceTree = "<group>";
		};
		700000000000000000000011 /* Products */ = {
			isa = PBXGroup;
			children = (
				300000000000000000000011 /* NeonRacer.app */,
				300000000000000000000012 /* NeonRacerTests.xctest */,
				300000000000000000000013 /* NeonRacerUITests.xctest */,
			);
			name = Products;
			sourceTree = "<group>";
		};
		C0DE0000000000000000B011 /* Rendering3D */ = {
			isa = PBXGroup;
			children = (
				C0DE0000000000000000B002 /* RaceScene3D.swift */,
				C0DE0000000000000000B004 /* TrackWorldMapper3D.swift */,
				C0DE0000000000000000B006 /* RoadMeshBuilder3D.swift */,
				C0DE0000000000000000B020 /* NeonTerrain3D.swift */,
				C0DE0000000000000000B008 /* ChaseCamera3D.swift */,
				C0DE0000000000000000B00A /* TrackMarkers3D.swift */,
				C0DE0000000000000000B00C /* NeonEnvironment3D.swift */,
				C0DE0000000000000000B00E /* VehicleModels3D.swift */,
				C0DE0000000000000000B010 /* NeonEffects3D.swift */,
				C0DE0000000000000000E004 /* NeonPostProcess.metal */,
			);
			path = Rendering3D;
			sourceTree = "<group>";
		};
/* End PBXGroup section */

/* Begin PBXNativeTarget section */
		100000000000000000000001 /* NeonRacer */ = {
			isa = PBXNativeTarget;
			buildConfigurationList = 800000000000000000000001 /* Build configuration list for PBXNativeTarget "NeonRacer" */;
			buildPhases = (
				900000000000000000000001 /* Sources */,
				600000000000000000000001 /* Frameworks */,
				A00000000000000000000001 /* Resources */,
			);
			buildRules = (
			);
			dependencies = (
			);
			name = NeonRacer;
			packageProductDependencies = (
			);
			productName = NeonRacer;
			productReference = 300000000000000000000011 /* NeonRacer.app */;
			productType = "com.apple.product-type.application";
		};
		100000000000000000000002 /* NeonRacerTests */ = {
			isa = PBXNativeTarget;
			buildConfigurationList = 800000000000000000000002 /* Build configuration list for PBXNativeTarget "NeonRacerTests" */;
			buildPhases = (
				900000000000000000000002 /* Sources */,
				600000000000000000000002 /* Frameworks */,
				A00000000000000000000002 /* Resources */,
			);
			buildRules = (
			);
			dependencies = (
				B00000000000000000000001 /* PBXTargetDependency */,
			);
			name = NeonRacerTests;
			packageProductDependencies = (
			);
			productName = NeonRacerTests;
			productReference = 300000000000000000000012 /* NeonRacerTests.xctest */;
			productType = "com.apple.product-type.bundle.unit-test";
		};
		100000000000000000000003 /* NeonRacerUITests */ = {
			isa = PBXNativeTarget;
			buildConfigurationList = 800000000000000000000003 /* Build configuration list for PBXNativeTarget "NeonRacerUITests" */;
			buildPhases = (
				900000000000000000000003 /* Sources */,
				600000000000000000000003 /* Frameworks */,
				A00000000000000000000003 /* Resources */,
			);
			buildRules = (
			);
			dependencies = (
				B00000000000000000000002 /* PBXTargetDependency */,
			);
			name = NeonRacerUITests;
			packageProductDependencies = (
			);
			productName = NeonRacerUITests;
			productReference = 300000000000000000000013 /* NeonRacerUITests.xctest */;
			productType = "com.apple.product-type.bundle.ui-testing";
		};
/* End PBXNativeTarget section */

/* Begin PBXProject section */
		500000000000000000000001 /* Project object */ = {
			isa = PBXProject;
			attributes = {
				BuildIndependentTargetsInParallel = 1;
				LastSwiftUpdateCheck = 2600;
				LastUpgradeCheck = 2600;
				TargetAttributes = {
					100000000000000000000001 = {
						CreatedOnToolsVersion = 26.0;
					};
					100000000000000000000002 = {
						CreatedOnToolsVersion = 26.0;
						TestTargetID = 100000000000000000000001;
					};
					100000000000000000000003 = {
						CreatedOnToolsVersion = 26.0;
						TestTargetID = 100000000000000000000001;
					};
				};
			};
			buildConfigurationList = 800000000000000000000004 /* Build configuration list for PBXProject "NeonRacer" */;
			compatibilityVersion = "Xcode 16.0";
			developmentRegion = en;
			hasScannedForEncodings = 0;
			knownRegions = (
				en,
				Base,
			);
			mainGroup = 700000000000000000000001;
			minimizedProjectReferenceProxies = 1;
			preferredProjectObjectVersion = 77;
			productRefGroup = 700000000000000000000011 /* Products */;
			projectDirPath = "";
			projectRoot = "";
			targets = (
				100000000000000000000001 /* NeonRacer */,
				100000000000000000000002 /* NeonRacerTests */,
				100000000000000000000003 /* NeonRacerUITests */,
			);
		};
/* End PBXProject section */

/* Begin PBXResourcesBuildPhase section */
		A00000000000000000000001 /* Resources */ = {
			isa = PBXResourcesBuildPhase;
			buildActionMask = 2147483647;
			files = (
				20000000000000000000000E /* Assets.xcassets in Resources */,
				200000000000000000000011 /* PrivacyInfo.xcprivacy in Resources */,
				200000000000000000000090 /* CyberpunkSpaceRace.mp3 in Resources */,
				D11000000000000000000004 /* neon-harbor.json in Resources */,
				D1100000000000000000000B /* solar-to-summit.json in Resources */,
			);
			runOnlyForDeploymentPostprocessing = 0;
		};
		A00000000000000000000002 /* Resources */ = {
			isa = PBXResourcesBuildPhase;
			buildActionMask = 2147483647;
			files = (
			);
			runOnlyForDeploymentPostprocessing = 0;
		};
		A00000000000000000000003 /* Resources */ = {
			isa = PBXResourcesBuildPhase;
			buildActionMask = 2147483647;
			files = (
			);
			runOnlyForDeploymentPostprocessing = 0;
		};
/* End PBXResourcesBuildPhase section */

/* Begin PBXSourcesBuildPhase section */
		900000000000000000000001 /* Sources */ = {
			isa = PBXSourcesBuildPhase;
			buildActionMask = 2147483647;
			files = (
				200000000000000000000001 /* NeonRacerApp.swift in Sources */,
				200000000000000000000002 /* RootView.swift in Sources */,
				200000000000000000000003 /* MainMenuView.swift in Sources */,
				200000000000000000000004 /* RaceView.swift in Sources */,
				E14100000000000000000003 /* RaceHUDView.swift in Sources */,
				F23000000000000000000003 /* DebugPerformanceOverlay.swift in Sources */,
				C0DE00000000000000002003 /* HUDArcadeComponents.swift in Sources */,
				C0DE00000000000000002007 /* HUDCalloutView.swift in Sources */,
				C0DE00000000000000002005 /* HUDRouteProgressView.swift in Sources */,
				C0DE00000000000000002009 /* HUDTacticalPanels.swift in Sources */,
				200000000000000000000005 /* PlayerCommand.swift in Sources */,
				200000000000000000000006 /* RaceConfiguration.swift in Sources */,
				C0DE0000000000000000B014 /* DrivingModel.swift in Sources */,
				C0DE0000000000000000B018 /* CollisionSystem.swift in Sources */,
				C0DE0000000000000000B016 /* TrafficSystem.swift in Sources */,
				B28000000000000000000001 /* RaceBalanceConfiguration.swift in Sources */,
				200000000000000000000007 /* RaceSimulation.swift in Sources */,
				E14100000000000000000001 /* RaceScoring.swift in Sources */,
				C0DE0000000000000000A001 /* TrackGeometry.swift in Sources */,
				E14100000000000000000002 /* RaceHUDSnapshot.swift in Sources */,
				C0DE00000000000000002001 /* HUDCalloutMapper.swift in Sources */,
				A24000000000000000000001 /* RaceReplay.swift in Sources */,
				A24000000000000000000002 /* RaceDebugDiagnostics.swift in Sources */,
				22C000000000000000000001 /* RunInterruptionCoordinator.swift in Sources */,
				C09000000000000000000001 /* RunProgression.swift in Sources */,
				200000000000000000000025 /* TutorialState.swift in Sources */,
				200000000000000000000026 /* TutorialPromptContent.swift in Sources */,
				200000000000000000000008 /* RaceScene.swift in Sources */,
				200000000000000000000009 /* StageDefinition.swift in Sources */,
				D11000000000000000000001 /* ContentValidation.swift in Sources */,
				D11000000000000000000002 /* StageContentLoader.swift in Sources */,
				C15000000000000000000001 /* InitialRouteContent.swift in Sources */,
				20000000000000000000000A /* AudioService.swift in Sources */,
				20000000000000000000000B /* HapticsService.swift in Sources */,
				20000000000000000000000C /* ProfileStore.swift in Sources */,
				20000000000000000000000D /* NeonPalette.swift in Sources */,
				F20000000000000000000001 /* InputService.swift in Sources */,
				D23000000000000000000001 /* CosmeticQuality.swift in Sources */,
				F23000000000000000000001 /* RenderQualityTier.swift in Sources */,
				D23000000000000000000002 /* PerformanceInstrumentation.swift in Sources */,
				D23000000000000000000003 /* DebugPerformanceMetrics.swift in Sources */,
				E12000000000000000000001 /* EnvironmentRenderer.swift in Sources */,
				E14000000000000000000001 /* NeonEffectsStack.swift in Sources */,
				V13000000000000000000001 /* VehicleArt.swift in Sources */,
				V13000000000000000000002 /* VehicleArtPreviewScene.swift in Sources */,
				A21000000000000000000001 /* AccessibilitySettings.swift in Sources */,
				A21000000000000000000002 /* AccessibilitySettingsStore.swift in Sources */,
				A21000000000000000000003 /* AccessiblePalette.swift in Sources */,
				A21000000000000000000004 /* AccessibilitySettingsView.swift in Sources */,
				F19000000000000000000001 /* AudioMixState.swift in Sources */,
				C18000000000000000000001 /* Progression.swift in Sources */,
				C18000000000000000000002 /* GarageView.swift in Sources */,
				C0DE0000000000000000B001 /* RaceScene3D.swift in Sources */,
				C0DE0000000000000000B003 /* TrackWorldMapper3D.swift in Sources */,
				C0DE0000000000000000B005 /* RoadMeshBuilder3D.swift in Sources */,
				C0DE0000000000000000B021 /* NeonTerrain3D.swift in Sources */,
				C0DE0000000000000000B007 /* ChaseCamera3D.swift in Sources */,
				C0DE0000000000000000B009 /* TrackMarkers3D.swift in Sources */,
				C0DE0000000000000000B00B /* NeonEnvironment3D.swift in Sources */,
				C0DE0000000000000000B00D /* VehicleModels3D.swift in Sources */,
				C0DE0000000000000000B00F /* NeonEffects3D.swift in Sources */,
				C0DE0000000000000000B01A /* NeonPostProcess.metal in Sources */,
				C0DE00000000000000001001 /* TouchDrivingControls.swift in Sources */,
			);
			runOnlyForDeploymentPostprocessing = 0;
		};
		900000000000000000000002 /* Sources */ = {
			isa = PBXSourcesBuildPhase;
			buildActionMask = 2147483647;
			files = (
				20000000000000000000000F /* RaceSimulationTests.swift in Sources */,
				B28000000000000000000002 /* RaceBalanceTests.swift in Sources */,
				200000000000000000000028 /* TutorialStateTests.swift in Sources */,
				D23000000000000000000004 /* CosmeticQualityTests.swift in Sources */,
				A21000000000000000000005 /* AccessibilitySettingsTests.swift in Sources */,
				G33000000000000000000001 /* GarageLayoutContractTests.swift in Sources */,
				I20000000000000000000001 /* InputServiceCommandTests.swift in Sources */,
				F19000000000000000000002 /* AudioMixStateTests.swift in Sources */,
				C18000000000000000000003 /* ProfileStoreTests.swift in Sources */,
				V13000000000000000000003 /* VehicleArtTests.swift in Sources */,
				C0DE0000000000000000D001 /* VehicleModels3DTests.swift in Sources */,
				C15000000000000000000002 /* InitialRouteContentTests.swift in Sources */,
				D11000000000000000000003 /* StageContentTests.swift in Sources */,
				E14100000000000000000004 /* RaceScoringTests.swift in Sources */,
				E14100000000000000000005 /* RaceHUDSnapshotTests.swift in Sources */,
				C0DE00000000000000001003 /* DrivingModelTests.swift in Sources */,
				C0DE0000000000000000E005 /* NeonEffects3DTests.swift in Sources */,
				C0DE0000000000000000F001 /* TrafficSystemTests.swift in Sources */,
				C0DE0000000000000000F003 /* CollisionSystemTests.swift in Sources */,
				F23000000000000000000005 /* RenderQualityTierTests.swift in Sources */,
			);
			runOnlyForDeploymentPostprocessing = 0;
		};
		900000000000000000000003 /* Sources */ = {
			isa = PBXSourcesBuildPhase;
			buildActionMask = 2147483647;
			files = (
				200000000000000000000010 /* NeonRacerUITests.swift in Sources */,
			);
			runOnlyForDeploymentPostprocessing = 0;
		};
/* End PBXSourcesBuildPhase section */

/* Begin PBXTargetDependency section */
		B00000000000000000000001 /* PBXTargetDependency */ = {
			isa = PBXTargetDependency;
			target = 100000000000000000000001 /* NeonRacer */;
			targetProxy = 400000000000000000000001 /* PBXContainerItemProxy */;
		};
		B00000000000000000000002 /* PBXTargetDependency */ = {
			isa = PBXTargetDependency;
			target = 100000000000000000000001 /* NeonRacer */;
			targetProxy = 400000000000000000000002 /* PBXContainerItemProxy */;
		};
/* End PBXTargetDependency section */

/* Begin XCBuildConfiguration section */
		C00000000000000000000001 /* Debug */ = {
			isa = XCBuildConfiguration;
			buildSettings = {
				ASSETCATALOG_COMPILER_APPICON_NAME = AppIcon;
				ASSETCATALOG_COMPILER_GLOBAL_ACCENT_COLOR_NAME = AccentColor;
				CODE_SIGN_STYLE = Automatic;
				CURRENT_PROJECT_VERSION = 1;
				DEVELOPMENT_TEAM = "";
				ENABLE_PREVIEWS = YES;
				GENERATE_INFOPLIST_FILE = YES;
				INFOPLIST_KEY_CFBundleDisplayName = CyberRun;
				INFOPLIST_KEY_LSApplicationCategoryType = "public.app-category.games";
				INFOPLIST_KEY_UIApplicationSceneManifest_Generation = YES;
				INFOPLIST_KEY_UIApplicationSupportsIndirectInputEvents = YES;
				INFOPLIST_KEY_UILaunchScreen_Generation = YES;
				INFOPLIST_KEY_UIRequiresFullScreen = YES;
				INFOPLIST_KEY_UISupportedInterfaceOrientations_iPad = "UIInterfaceOrientationLandscapeLeft UIInterfaceOrientationLandscapeRight";
				INFOPLIST_KEY_UISupportedInterfaceOrientations_iPhone = "UIInterfaceOrientationLandscapeLeft UIInterfaceOrientationLandscapeRight";
				IPHONEOS_DEPLOYMENT_TARGET = 26.0;
				LD_RUNPATH_SEARCH_PATHS = (
					"$(inherited)",
					"@executable_path/Frameworks",
				);
				MARKETING_VERSION = 1.0;
				PRODUCT_BUNDLE_IDENTIFIER = com.infinityball.neon-racer;
				PRODUCT_NAME = "$(TARGET_NAME)";
				SDKROOT = iphoneos;
				SUPPORTED_PLATFORMS = "iphoneos iphonesimulator";
				SUPPORTS_MACCATALYST = NO;
				SWIFT_EMIT_LOC_STRINGS = YES;
				SWIFT_STRICT_CONCURRENCY = complete;
				SWIFT_VERSION = 6.0;
				TARGETED_DEVICE_FAMILY = "1,2";
			};
			name = Debug;
		};
		C00000000000000000000002 /* Release */ = {
			isa = XCBuildConfiguration;
			buildSettings = {
				ASSETCATALOG_COMPILER_APPICON_NAME = AppIcon;
				ASSETCATALOG_COMPILER_GLOBAL_ACCENT_COLOR_NAME = AccentColor;
				CODE_SIGN_STYLE = Automatic;
				CURRENT_PROJECT_VERSION = 1;
				DEVELOPMENT_TEAM = "";
				ENABLE_PREVIEWS = YES;
				GENERATE_INFOPLIST_FILE = YES;
				INFOPLIST_KEY_CFBundleDisplayName = CyberRun;
				INFOPLIST_KEY_LSApplicationCategoryType = "public.app-category.games";
				INFOPLIST_KEY_UIApplicationSceneManifest_Generation = YES;
				INFOPLIST_KEY_UIApplicationSupportsIndirectInputEvents = YES;
				INFOPLIST_KEY_UILaunchScreen_Generation = YES;
				INFOPLIST_KEY_UIRequiresFullScreen = YES;
				INFOPLIST_KEY_UISupportedInterfaceOrientations_iPad = "UIInterfaceOrientationLandscapeLeft UIInterfaceOrientationLandscapeRight";
				INFOPLIST_KEY_UISupportedInterfaceOrientations_iPhone = "UIInterfaceOrientationLandscapeLeft UIInterfaceOrientationLandscapeRight";
				IPHONEOS_DEPLOYMENT_TARGET = 26.0;
				LD_RUNPATH_SEARCH_PATHS = (
					"$(inherited)",
					"@executable_path/Frameworks",
				);
				MARKETING_VERSION = 1.0;
				PRODUCT_BUNDLE_IDENTIFIER = com.infinityball.neon-racer;
				PRODUCT_NAME = "$(TARGET_NAME)";
				SDKROOT = iphoneos;
				SUPPORTED_PLATFORMS = "iphoneos iphonesimulator";
				SUPPORTS_MACCATALYST = NO;
				SWIFT_EMIT_LOC_STRINGS = YES;
				SWIFT_STRICT_CONCURRENCY = complete;
				SWIFT_VERSION = 6.0;
				TARGETED_DEVICE_FAMILY = "1,2";
			};
			name = Release;
		};
		C00000000000000000000003 /* Debug */ = {
			isa = XCBuildConfiguration;
			buildSettings = {
				BUNDLE_LOADER = "$(TEST_HOST)";
				CODE_SIGN_STYLE = Automatic;
				GENERATE_INFOPLIST_FILE = YES;
				IPHONEOS_DEPLOYMENT_TARGET = 26.0;
				PRODUCT_BUNDLE_IDENTIFIER = com.infinityball.neon-racer.tests;
				PRODUCT_NAME = "$(TARGET_NAME)";
				SDKROOT = iphoneos;
				SUPPORTED_PLATFORMS = "iphoneos iphonesimulator";
				SWIFT_STRICT_CONCURRENCY = complete;
				SWIFT_VERSION = 6.0;
				TARGETED_DEVICE_FAMILY = 1;
				TEST_HOST = "$(BUILT_PRODUCTS_DIR)/NeonRacer.app/$(BUNDLE_EXECUTABLE_FOLDER_PATH)/NeonRacer";
			};
			name = Debug;
		};
		C00000000000000000000004 /* Release */ = {
			isa = XCBuildConfiguration;
			buildSettings = {
				BUNDLE_LOADER = "$(TEST_HOST)";
				CODE_SIGN_STYLE = Automatic;
				GENERATE_INFOPLIST_FILE = YES;
				IPHONEOS_DEPLOYMENT_TARGET = 26.0;
				PRODUCT_BUNDLE_IDENTIFIER = com.infinityball.neon-racer.tests;
				PRODUCT_NAME = "$(TARGET_NAME)";
				SDKROOT = iphoneos;
				SUPPORTED_PLATFORMS = "iphoneos iphonesimulator";
				SWIFT_STRICT_CONCURRENCY = complete;
				SWIFT_VERSION = 6.0;
				TARGETED_DEVICE_FAMILY = 1;
				TEST_HOST = "$(BUILT_PRODUCTS_DIR)/NeonRacer.app/$(BUNDLE_EXECUTABLE_FOLDER_PATH)/NeonRacer";
			};
			name = Release;
		};
		C00000000000000000000005 /* Debug */ = {
			isa = XCBuildConfiguration;
			buildSettings = {
				CODE_SIGN_STYLE = Automatic;
				GENERATE_INFOPLIST_FILE = YES;
				IPHONEOS_DEPLOYMENT_TARGET = 26.0;
				PRODUCT_BUNDLE_IDENTIFIER = com.infinityball.neon-racer.uitests;
				PRODUCT_NAME = "$(TARGET_NAME)";
				SDKROOT = iphoneos;
				SUPPORTED_PLATFORMS = "iphoneos iphonesimulator";
				SWIFT_STRICT_CONCURRENCY = complete;
				SWIFT_VERSION = 6.0;
				TARGETED_DEVICE_FAMILY = 1;
				TEST_TARGET_NAME = NeonRacer;
			};
			name = Debug;
		};
		C00000000000000000000006 /* Release */ = {
			isa = XCBuildConfiguration;
			buildSettings = {
				CODE_SIGN_STYLE = Automatic;
				GENERATE_INFOPLIST_FILE = YES;
				IPHONEOS_DEPLOYMENT_TARGET = 26.0;
				PRODUCT_BUNDLE_IDENTIFIER = com.infinityball.neon-racer.uitests;
				PRODUCT_NAME = "$(TARGET_NAME)";
				SDKROOT = iphoneos;
				SUPPORTED_PLATFORMS = "iphoneos iphonesimulator";
				SWIFT_STRICT_CONCURRENCY = complete;
				SWIFT_VERSION = 6.0;
				TARGETED_DEVICE_FAMILY = 1;
				TEST_TARGET_NAME = NeonRacer;
			};
			name = Release;
		};
		C00000000000000000000007 /* Debug */ = {
			isa = XCBuildConfiguration;
			buildSettings = {
				ALWAYS_SEARCH_USER_PATHS = NO;
				CLANG_ANALYZER_NONNULL = YES;
				CLANG_ANALYZER_NUMBER_OBJECT_CONVERSION = YES_AGGRESSIVE;
				CLANG_CXX_LANGUAGE_STANDARD = "gnu++20";
				CLANG_ENABLE_MODULES = YES;
				CLANG_ENABLE_OBJC_ARC = YES;
				CLANG_ENABLE_OBJC_WEAK = YES;
				CLANG_WARN_BLOCK_CAPTURE_AUTORELEASING = YES;
				CLANG_WARN_BOOL_CONVERSION = YES;
				CLANG_WARN_COMMA = YES;
				CLANG_WARN_CONSTANT_CONVERSION = YES;
				CLANG_WARN_DEPRECATED_OBJC_IMPLEMENTATIONS = YES;
				CLANG_WARN_DIRECT_OBJC_ISA_USAGE = YES_ERROR;
				CLANG_WARN_DOCUMENTATION_COMMENTS = YES;
				CLANG_WARN_EMPTY_BODY = YES;
				CLANG_WARN_ENUM_CONVERSION = YES;
				CLANG_WARN_INFINITE_RECURSION = YES;
				CLANG_WARN_INT_CONVERSION = YES;
				CLANG_WARN_NON_LITERAL_NULL_CONVERSION = YES;
				CLANG_WARN_OBJC_IMPLICIT_RETAIN_SELF = YES;
				CLANG_WARN_OBJC_LITERAL_CONVERSION = YES;
				CLANG_WARN_OBJC_ROOT_CLASS = YES_ERROR;
				CLANG_WARN_QUOTED_INCLUDE_IN_FRAMEWORK_HEADER = YES;
				CLANG_WARN_RANGE_LOOP_ANALYSIS = YES;
				CLANG_WARN_STRICT_PROTOTYPES = YES;
				CLANG_WARN_SUSPICIOUS_MOVE = YES;
				CLANG_WARN_UNGUARDED_AVAILABILITY = YES_AGGRESSIVE;
				CLANG_WARN_UNREACHABLE_CODE = YES;
				CLANG_WARN__DUPLICATE_METHOD_MATCH = YES;
				COPY_PHASE_STRIP = NO;
				DEBUG_INFORMATION_FORMAT = dwarf;
				ENABLE_STRICT_OBJC_MSGSEND = YES;
				ENABLE_TESTABILITY = YES;
				ENABLE_USER_SCRIPT_SANDBOXING = YES;
				GCC_C_LANGUAGE_STANDARD = gnu17;
				GCC_DYNAMIC_NO_PIC = NO;
				GCC_NO_COMMON_BLOCKS = YES;
				GCC_OPTIMIZATION_LEVEL = 0;
				GCC_PREPROCESSOR_DEFINITIONS = (
					"DEBUG=1",
					"$(inherited)",
				);
				GCC_WARN_64_TO_32_BIT_CONVERSION = YES;
				GCC_WARN_ABOUT_RETURN_TYPE = YES_ERROR;
				GCC_WARN_UNDECLARED_SELECTOR = YES;
				GCC_WARN_UNINITIALIZED_AUTOS = YES_AGGRESSIVE;
				GCC_WARN_UNUSED_FUNCTION = YES;
				GCC_WARN_UNUSED_VARIABLE = YES;
				LOCALIZATION_PREFERS_STRING_CATALOGS = YES;
				MTL_ENABLE_DEBUG_INFO = INCLUDE_SOURCE;
				MTL_FAST_MATH = YES;
				ONLY_ACTIVE_ARCH = YES;
				SWIFT_ACTIVE_COMPILATION_CONDITIONS = "DEBUG $(inherited)";
				SWIFT_OPTIMIZATION_LEVEL = "-Onone";
			};
			name = Debug;
		};
		C00000000000000000000008 /* Release */ = {
			isa = XCBuildConfiguration;
			buildSettings = {
				ALWAYS_SEARCH_USER_PATHS = NO;
				CLANG_ANALYZER_NONNULL = YES;
				CLANG_ANALYZER_NUMBER_OBJECT_CONVERSION = YES_AGGRESSIVE;
				CLANG_CXX_LANGUAGE_STANDARD = "gnu++20";
				CLANG_ENABLE_MODULES = YES;
				CLANG_ENABLE_OBJC_ARC = YES;
				CLANG_ENABLE_OBJC_WEAK = YES;
				CLANG_WARN_BLOCK_CAPTURE_AUTORELEASING = YES;
				CLANG_WARN_BOOL_CONVERSION = YES;
				CLANG_WARN_COMMA = YES;
				CLANG_WARN_CONSTANT_CONVERSION = YES;
				CLANG_WARN_DEPRECATED_OBJC_IMPLEMENTATIONS = YES;
				CLANG_WARN_DIRECT_OBJC_ISA_USAGE = YES_ERROR;
				CLANG_WARN_DOCUMENTATION_COMMENTS = YES;
				CLANG_WARN_EMPTY_BODY = YES;
				CLANG_WARN_ENUM_CONVERSION = YES;
				CLANG_WARN_INFINITE_RECURSION = YES;
				CLANG_WARN_INT_CONVERSION = YES;
				CLANG_WARN_NON_LITERAL_NULL_CONVERSION = YES;
				CLANG_WARN_OBJC_IMPLICIT_RETAIN_SELF = YES;
				CLANG_WARN_OBJC_LITERAL_CONVERSION = YES;
				CLANG_WARN_OBJC_ROOT_CLASS = YES_ERROR;
				CLANG_WARN_QUOTED_INCLUDE_IN_FRAMEWORK_HEADER = YES;
				CLANG_WARN_RANGE_LOOP_ANALYSIS = YES;
				CLANG_WARN_STRICT_PROTOTYPES = YES;
				CLANG_WARN_SUSPICIOUS_MOVE = YES;
				CLANG_WARN_UNGUARDED_AVAILABILITY = YES_AGGRESSIVE;
				CLANG_WARN_UNREACHABLE_CODE = YES;
				CLANG_WARN__DUPLICATE_METHOD_MATCH = YES;
				COPY_PHASE_STRIP = NO;
				DEBUG_INFORMATION_FORMAT = "dwarf-with-dsym";
				ENABLE_NS_ASSERTIONS = NO;
				ENABLE_STRICT_OBJC_MSGSEND = YES;
				ENABLE_USER_SCRIPT_SANDBOXING = YES;
				GCC_C_LANGUAGE_STANDARD = gnu17;
				GCC_NO_COMMON_BLOCKS = YES;
				GCC_WARN_64_TO_32_BIT_CONVERSION = YES;
				GCC_WARN_ABOUT_RETURN_TYPE = YES_ERROR;
				GCC_WARN_UNDECLARED_SELECTOR = YES;
				GCC_WARN_UNINITIALIZED_AUTOS = YES_AGGRESSIVE;
				GCC_WARN_UNUSED_FUNCTION = YES;
				GCC_WARN_UNUSED_VARIABLE = YES;
				LOCALIZATION_PREFERS_STRING_CATALOGS = YES;
				MTL_ENABLE_DEBUG_INFO = NO;
				MTL_FAST_MATH = YES;
				SWIFT_COMPILATION_MODE = wholemodule;
			};
			name = Release;
		};
/* End XCBuildConfiguration section */

/* Begin XCConfigurationList section */
		800000000000000000000001 /* Build configuration list for PBXNativeTarget "NeonRacer" */ = {
			isa = XCConfigurationList;
			buildConfigurations = (
				C00000000000000000000001 /* Debug */,
				C00000000000000000000002 /* Release */,
			);
			defaultConfigurationIsVisible = 0;
			defaultConfigurationName = Release;
		};
		800000000000000000000002 /* Build configuration list for PBXNativeTarget "NeonRacerTests" */ = {
			isa = XCConfigurationList;
			buildConfigurations = (
				C00000000000000000000003 /* Debug */,
				C00000000000000000000004 /* Release */,
			);
			defaultConfigurationIsVisible = 0;
			defaultConfigurationName = Release;
		};
		800000000000000000000003 /* Build configuration list for PBXNativeTarget "NeonRacerUITests" */ = {
			isa = XCConfigurationList;
			buildConfigurations = (
				C00000000000000000000005 /* Debug */,
				C00000000000000000000006 /* Release */,
			);
			defaultConfigurationIsVisible = 0;
			defaultConfigurationName = Release;
		};
		800000000000000000000004 /* Build configuration list for PBXProject "NeonRacer" */ = {
			isa = XCConfigurationList;
			buildConfigurations = (
				C00000000000000000000007 /* Debug */,
				C00000000000000000000008 /* Release */,
			);
			defaultConfigurationIsVisible = 0;
			defaultConfigurationName = Release;
		};
/* End XCConfigurationList section */
	};
	rootObject = 500000000000000000000001 /* Project object */;
}
